
Microsoft Visual Studio Solution File, Format Version 12.00
# Visual Studio Version 17
VisualStudioVersion = 17.10.35013.160
MinimumVisualStudioVersion = 10.0.40219.1
Project("{FAE04EC0-301F-11D3-BF4B-00C04F79EFBC}") = "StudentCourseApp", "StudentCourseApp\StudentCourseApp.csproj", "{59EDEDCA-E989-4D06-BDE4-BC6340539773}"
EndProject
Global
	GlobalSection(SolutionConfigurationPlatforms) = preSolution
		Debug|Any CPU = Debug|Any CPU
		Release|Any CPU = Release|Any CPU
	EndGlobalSection
	GlobalSection(ProjectConfigurationPlatforms) = postSolution
		{59EDEDCA-E989-4D06-BDE4-BC6340539773}.Debug|Any CPU.ActiveCfg = Debug|Any CPU
		{59EDEDCA-E989-4D06-BDE4-BC6340539773}.Debug|Any CPU.Build.0 = Debug|Any CPU
		{59EDEDCA-E989-4D06-BDE4-BC6340539773}.Release|Any CPU.ActiveCfg = Release|Any CPU
		{59EDEDCA-E989-4D06-BDE4-BC6340539773}.Release|Any CPU.Build.0 = Release|Any CPU
	EndGlobalSection
	GlobalSection(SolutionProperties) = preSolution
		HideSolutionNode = FALSE
	EndGlobalSection
	GlobalSection(ExtensibilityGlobals) = postSolution
		SolutionGuid = {2BF49ECC-6288-4F11-817E-CE95B93DC0B9}
	EndGlobalSection
EndGlobal
